PODS:
  - Flutter (1.0.0)
  - integration_test (0.0.1):
    - Flutter
  - lazysecret (1.0.0):
    - Flutter
    - Sodium (~> 0.9.1)
  - Sodium (0.9.1)

DEPENDENCIES:
  - Flutter (from `Flutter`)
  - integration_test (from `.symlinks/plugins/integration_test/ios`)
  - lazysecret (from `.symlinks/plugins/lazysecret/ios`)

SPEC REPOS:
  trunk:
    - Sodium

EXTERNAL SOURCES:
  Flutter:
    :path: Flutter
  integration_test:
    :path: ".symlinks/plugins/integration_test/ios"
  lazysecret:
    :path: ".symlinks/plugins/lazysecret/ios"

SPEC CHECKSUMS:
  Flutter: f04841e97a9d0b0a8025694d0796dd46242b2854
  integration_test: 13825b8a9334a850581300559b8839134b124670
  lazysecret: 2e7c93dea486f350aba4e7dd8041c2692c57c48d
  Sodium: 23d11554ecd556196d313cf6130d406dfe7ac6da

PODFILE CHECKSUM: 70d9d25280d0dd177a5f637cdb0f0b0b12c6a189

COCOAPODS: 1.12.1
